
Microsoft Visual Studio Solution File, Format Version 12.00
# Visual Studio Version 16
VisualStudioVersion = 16.0.30611.23
MinimumVisualStudioVersion = 10.0.40219.1
Project("{FAE04EC0-301F-11D3-BF4B-00C04F79EFBC}") = "dotNet5781_00_3841_4638", "dotNet5781_00_3841_4638\dotNet5781_00_3841_4638.csproj", "{2F1CD20C-F0F6-40D8-A479-BAD8E9764CD9}"
EndProject
Project("{FAE04EC0-301F-11D3-BF4B-00C04F79EFBC}") = "dotNet_01_3841", "dotNet_01_3841\dotNet_01_3841.csproj", "{6EF15672-C703-4D22-9AA3-8653F74F7C2A}"
EndProject
Project("{FAE04EC0-301F-11D3-BF4B-00C04F79EFBC}") = "dotNet57810", "dotNet57810\dotNet57810.csproj", "{BDCCE8C7-134C-4434-844C-9BE7E0D5759B}"
EndProject
Project("{FAE04EC0-301F-11D3-BF4B-00C04F79EFBC}") = "dotNet5781_01_3841_4638", "dotNet5781_01_3841_4638\dotNet5781_01_3841_4638.csproj", "{3C6C0A9B-836E-4FF9-B966-7124794BB1E6}"
EndProject
Project("{FAE04EC0-301F-11D3-BF4B-00C04F79EFBC}") = "bus", "bus\bus.csproj", "{E76BA6E5-45C5-4B83-A027-B0145DE1A219}"
EndProject
Project("{FAE04EC0-301F-11D3-BF4B-00C04F79EFBC}") = "dotNet5781_002_3841_4638", "dotNet5781_002_3841_4638\dotNet5781_002_3841_4638.csproj", "{88285F7C-68AA-4C63-92F3-67D94DD0E48B}"
EndProject
Project("{FAE04EC0-301F-11D3-BF4B-00C04F79EFBC}") = "dotNet5781_03A_3841_4638", "dotNet5781_03A0\dotNet5781_03A_3841_4638.csproj", "{EF392DB1-1E81-4F23-A4C3-DFE35459A240}"
EndProject
Project("{FAE04EC0-301F-11D3-BF4B-00C04F79EFBC}") = "dotNet5781_03B_3841_4638", "dotNet5781_03B_3841_4638\dotNet5781_03B_3841_4638.csproj", "{BD0764B8-5795-41F6-B442-B677B034CC19}"
EndProject
Project("{FAE04EC0-301F-11D3-BF4B-00C04F79EFBC}") = "DLAPI", "DLAPI\DLAPI.csproj", "{B2586009-D285-4767-BC91-F0FC35F29CB8}"
EndProject
Project("{FAE04EC0-301F-11D3-BF4B-00C04F79EFBC}") = "DLObject", "DLObject\DLObject.csproj", "{8065CFBF-930D-4D23-A951-F2455E2EC325}"
EndProject
Project("{FAE04EC0-301F-11D3-BF4B-00C04F79EFBC}") = "BL", "BL\BL.csproj", "{DEF46B5A-19F5-4E65-BE66-AFC1D1DD743A}"
EndProject
Project("{FAE04EC0-301F-11D3-BF4B-00C04F79EFBC}") = "DS", "DS\DS.csproj", "{4E4F0713-039C-4DC7-B7ED-EC1437C951BB}"
EndProject
Project("{2150E333-8FDC-42A3-9474-1A3956D46DE8}") = "Solution Items", "Solution Items", "{F0F928D2-1C9F-4330-99DB-5C9A324E91A3}"
	ProjectSection(SolutionItems) = preProject
		bin\xml\AdjacentStationsXml.xml = bin\xml\AdjacentStationsXml.xml
		bin\xml\BusesXml.xml = bin\xml\BusesXml.xml
		bin\config.xml = bin\config.xml
		bin\xml\LineStationsXml.xml = bin\xml\LineStationsXml.xml
		bin\xml\LinesXml.xml = bin\xml\LinesXml.xml
		bin\xml\LineTripsXml.xml = bin\xml\LineTripsXml.xml
		bin\xml\RunningNumberPathXml.xml = bin\xml\RunningNumberPathXml.xml
		bin\xml\StationsXml.xml = bin\xml\StationsXml.xml
		bin\xml\UsersXml.xml = bin\xml\UsersXml.xml
	EndProjectSection
EndProject
Project("{FAE04EC0-301F-11D3-BF4B-00C04F79EFBC}") = "PL", "PL\PL.csproj", "{9CB6B238-37E7-47FE-90E2-4B5DD3444337}"
EndProject
Project("{FAE04EC0-301F-11D3-BF4B-00C04F79EFBC}") = "DLXML", "DLXML\DLXML.csproj", "{0337FDE5-3DD0-4D37-B05F-04173A4FF80D}"
EndProject
Global
	GlobalSection(SolutionConfigurationPlatforms) = preSolution
		Debug|Any CPU = Debug|Any CPU
		Release|Any CPU = Release|Any CPU
	EndGlobalSection
	GlobalSection(ProjectConfigurationPlatforms) = postSolution
		{2F1CD20C-F0F6-40D8-A479-BAD8E9764CD9}.Debug|Any CPU.ActiveCfg = Debug|Any CPU
		{2F1CD20C-F0F6-40D8-A479-BAD8E9764CD9}.Debug|Any CPU.Build.0 = Debug|Any CPU
		{2F1CD20C-F0F6-40D8-A479-BAD8E9764CD9}.Release|Any CPU.ActiveCfg = Release|Any CPU
		{2F1CD20C-F0F6-40D8-A479-BAD8E9764CD9}.Release|Any CPU.Build.0 = Release|Any CPU
		{6EF15672-C703-4D22-9AA3-8653F74F7C2A}.Debug|Any CPU.ActiveCfg = Debug|Any CPU
		{6EF15672-C703-4D22-9AA3-8653F74F7C2A}.Debug|Any CPU.Build.0 = Debug|Any CPU
		{6EF15672-C703-4D22-9AA3-8653F74F7C2A}.Release|Any CPU.ActiveCfg = Release|Any CPU
		{6EF15672-C703-4D22-9AA3-8653F74F7C2A}.Release|Any CPU.Build.0 = Release|Any CPU
		{BDCCE8C7-134C-4434-844C-9BE7E0D5759B}.Debug|Any CPU.ActiveCfg = Debug|Any CPU
		{BDCCE8C7-134C-4434-844C-9BE7E0D5759B}.Debug|Any CPU.Build.0 = Debug|Any CPU
		{BDCCE8C7-134C-4434-844C-9BE7E0D5759B}.Release|Any CPU.ActiveCfg = Release|Any CPU
		{BDCCE8C7-134C-4434-844C-9BE7E0D5759B}.Release|Any CPU.Build.0 = Release|Any CPU
		{3C6C0A9B-836E-4FF9-B966-7124794BB1E6}.Debug|Any CPU.ActiveCfg = Debug|Any CPU
		{3C6C0A9B-836E-4FF9-B966-7124794BB1E6}.Debug|Any CPU.Build.0 = Debug|Any CPU
		{3C6C0A9B-836E-4FF9-B966-7124794BB1E6}.Release|Any CPU.ActiveCfg = Release|Any CPU
		{3C6C0A9B-836E-4FF9-B966-7124794BB1E6}.Release|Any CPU.Build.0 = Release|Any CPU
		{E76BA6E5-45C5-4B83-A027-B0145DE1A219}.Debug|Any CPU.ActiveCfg = Debug|Any CPU
		{E76BA6E5-45C5-4B83-A027-B0145DE1A219}.Debug|Any CPU.Build.0 = Debug|Any CPU
		{E76BA6E5-45C5-4B83-A027-B0145DE1A219}.Release|Any CPU.ActiveCfg = Release|Any CPU
		{E76BA6E5-45C5-4B83-A027-B0145DE1A219}.Release|Any CPU.Build.0 = Release|Any CPU
		{88285F7C-68AA-4C63-92F3-67D94DD0E48B}.Debug|Any CPU.ActiveCfg = Debug|Any CPU
		{88285F7C-68AA-4C63-92F3-67D94DD0E48B}.Debug|Any CPU.Build.0 = Debug|Any CPU
		{88285F7C-68AA-4C63-92F3-67D94DD0E48B}.Release|Any CPU.ActiveCfg = Release|Any CPU
		{88285F7C-68AA-4C63-92F3-67D94DD0E48B}.Release|Any CPU.Build.0 = Release|Any CPU
		{EF392DB1-1E81-4F23-A4C3-DFE35459A240}.Debug|Any CPU.ActiveCfg = Debug|Any CPU
		{EF392DB1-1E81-4F23-A4C3-DFE35459A240}.Debug|Any CPU.Build.0 = Debug|Any CPU
		{EF392DB1-1E81-4F23-A4C3-DFE35459A240}.Release|Any CPU.ActiveCfg = Release|Any CPU
		{EF392DB1-1E81-4F23-A4C3-DFE35459A240}.Release|Any CPU.Build.0 = Release|Any CPU
		{BD0764B8-5795-41F6-B442-B677B034CC19}.Debug|Any CPU.ActiveCfg = Debug|Any CPU
		{BD0764B8-5795-41F6-B442-B677B034CC19}.Debug|Any CPU.Build.0 = Debug|Any CPU
		{BD0764B8-5795-41F6-B442-B677B034CC19}.Release|Any CPU.ActiveCfg = Release|Any CPU
		{BD0764B8-5795-41F6-B442-B677B034CC19}.Release|Any CPU.Build.0 = Release|Any CPU
		{B2586009-D285-4767-BC91-F0FC35F29CB8}.Debug|Any CPU.ActiveCfg = Debug|Any CPU
		{B2586009-D285-4767-BC91-F0FC35F29CB8}.Debug|Any CPU.Build.0 = Debug|Any CPU
		{B2586009-D285-4767-BC91-F0FC35F29CB8}.Release|Any CPU.ActiveCfg = Release|Any CPU
		{B2586009-D285-4767-BC91-F0FC35F29CB8}.Release|Any CPU.Build.0 = Release|Any CPU
		{8065CFBF-930D-4D23-A951-F2455E2EC325}.Debug|Any CPU.ActiveCfg = Debug|Any CPU
		{8065CFBF-930D-4D23-A951-F2455E2EC325}.Debug|Any CPU.Build.0 = Debug|Any CPU
		{8065CFBF-930D-4D23-A951-F2455E2EC325}.Release|Any CPU.ActiveCfg = Release|Any CPU
		{8065CFBF-930D-4D23-A951-F2455E2EC325}.Release|Any CPU.Build.0 = Release|Any CPU
		{DEF46B5A-19F5-4E65-BE66-AFC1D1DD743A}.Debug|Any CPU.ActiveCfg = Debug|Any CPU
		{DEF46B5A-19F5-4E65-BE66-AFC1D1DD743A}.Debug|Any CPU.Build.0 = Debug|Any CPU
		{DEF46B5A-19F5-4E65-BE66-AFC1D1DD743A}.Release|Any CPU.ActiveCfg = Release|Any CPU
		{DEF46B5A-19F5-4E65-BE66-AFC1D1DD743A}.Release|Any CPU.Build.0 = Release|Any CPU
		{4E4F0713-039C-4DC7-B7ED-EC1437C951BB}.Debug|Any CPU.ActiveCfg = Debug|Any CPU
		{4E4F0713-039C-4DC7-B7ED-EC1437C951BB}.Debug|Any CPU.Build.0 = Debug|Any CPU
		{4E4F0713-039C-4DC7-B7ED-EC1437C951BB}.Release|Any CPU.ActiveCfg = Release|Any CPU
		{4E4F0713-039C-4DC7-B7ED-EC1437C951BB}.Release|Any CPU.Build.0 = Release|Any CPU
		{9CB6B238-37E7-47FE-90E2-4B5DD3444337}.Debug|Any CPU.ActiveCfg = Debug|Any CPU
		{9CB6B238-37E7-47FE-90E2-4B5DD3444337}.Debug|Any CPU.Build.0 = Debug|Any CPU
		{9CB6B238-37E7-47FE-90E2-4B5DD3444337}.Release|Any CPU.ActiveCfg = Release|Any CPU
		{9CB6B238-37E7-47FE-90E2-4B5DD3444337}.Release|Any CPU.Build.0 = Release|Any CPU
		{0337FDE5-3DD0-4D37-B05F-04173A4FF80D}.Debug|Any CPU.ActiveCfg = Debug|Any CPU
		{0337FDE5-3DD0-4D37-B05F-04173A4FF80D}.Debug|Any CPU.Build.0 = Debug|Any CPU
		{0337FDE5-3DD0-4D37-B05F-04173A4FF80D}.Release|Any CPU.ActiveCfg = Release|Any CPU
		{0337FDE5-3DD0-4D37-B05F-04173A4FF80D}.Release|Any CPU.Build.0 = Release|Any CPU
	EndGlobalSection
	GlobalSection(SolutionProperties) = preSolution
		HideSolutionNode = FALSE
	EndGlobalSection
	GlobalSection(ExtensibilityGlobals) = postSolution
		SolutionGuid = {78BF7418-94CB-4004-ABEC-AB5F7E79E0D4}
	EndGlobalSection
EndGlobal
